
Microsoft Visual Studio Solution File, Format Version 12.00
# Visual Studio 14
VisualStudioVersion = 14.0.24720.0
MinimumVisualStudioVersion = 10.0.40219.1
Project("{FAE04EC0-301F-11D3-BF4B-00C04F79EFBC}") = "SimpleMapperUse", "SimpleMapperUse\SimpleMapperUse.csproj", "{232761A8-FF9F-4AEE-B671-A9B5589209DB}"
EndProject
Project("{FAE04EC0-301F-11D3-BF4B-00C04F79EFBC}") = "SimpleMapper", "SimpleMapper\SimpleMapper.csproj", "{ED51DAEB-363A-4216-A551-580E595AEF78}"
EndProject
Global
	GlobalSection(SolutionConfigurationPlatforms) = preSolution
		Debug|Any CPU = Debug|Any CPU
		Release|Any CPU = Release|Any CPU
	EndGlobalSection
	GlobalSection(ProjectConfigurationPlatforms) = postSolution
		{232761A8-FF9F-4AEE-B671-A9B5589209DB}.Debug|Any CPU.ActiveCfg = Debug|Any CPU
		{232761A8-FF9F-4AEE-B671-A9B5589209DB}.Debug|Any CPU.Build.0 = Debug|Any CPU
		{232761A8-FF9F-4AEE-B671-A9B5589209DB}.Release|Any CPU.ActiveCfg = Release|Any CPU
		{232761A8-FF9F-4AEE-B671-A9B5589209DB}.Release|Any CPU.Build.0 = Release|Any CPU
		{ED51DAEB-363A-4216-A551-580E595AEF78}.Debug|Any CPU.ActiveCfg = Debug|Any CPU
		{ED51DAEB-363A-4216-A551-580E595AEF78}.Debug|Any CPU.Build.0 = Debug|Any CPU
		{ED51DAEB-363A-4216-A551-580E595AEF78}.Release|Any CPU.ActiveCfg = Release|Any CPU
		{ED51DAEB-363A-4216-A551-580E595AEF78}.Release|Any CPU.Build.0 = Release|Any CPU
	EndGlobalSection
	GlobalSection(SolutionProperties) = preSolution
		HideSolutionNode = FALSE
	EndGlobalSection
EndGlobal
